
Microsoft Visual Studio Solution File, Format Version 12.00
# Visual Studio Version 17
VisualStudioVersion = 17.5.33530.505
MinimumVisualStudioVersion = 10.0.40219.1
Project("{FAE04EC0-301F-11D3-BF4B-00C04F79EFBC}") = "Array_Task2", "Array_Task2\Array_Task2.csproj", "{EB100A72-75BE-43D4-82B7-B4A481372E59}"
EndProject
Global
	GlobalSection(SolutionConfigurationPlatforms) = preSolution
		Debug|Any CPU = Debug|Any CPU
		Release|Any CPU = Release|Any CPU
	EndGlobalSection
	GlobalSection(ProjectConfigurationPlatforms) = postSolution
		{EB100A72-75BE-43D4-82B7-B4A481372E59}.Debug|Any CPU.ActiveCfg = Debug|Any CPU
		{EB100A72-75BE-43D4-82B7-B4A481372E59}.Debug|Any CPU.Build.0 = Debug|Any CPU
		{EB100A72-75BE-43D4-82B7-B4A481372E59}.Release|Any CPU.ActiveCfg = Release|Any CPU
		{EB100A72-75BE-43D4-82B7-B4A481372E59}.Release|Any CPU.Build.0 = Release|Any CPU
	EndGlobalSection
	GlobalSection(SolutionProperties) = preSolution
		HideSolutionNode = FALSE
	EndGlobalSection
	GlobalSection(ExtensibilityGlobals) = postSolution
		SolutionGuid = {347DB68E-946A-4EA7-B12A-E4F96859249E}
	EndGlobalSection
EndGlobal
